// !$*UTF8*$!
{
	archiveVersion = 1;
	classes = {
	};
	objectVersion = 50;
	objects = {

/* Begin PBXBuildFile section */
		FA64BD9723B1C3BA00A45603 /* AppDelegate.swift in Sources */ = {isa = PBXBuildFile; fileRef = FA64BD9623B1C3BA00A45603 /* AppDelegate.swift */; };
		FA64BD9923B1C3BA00A45603 /* SceneDelegate.swift in Sources */ = {isa = PBXBuildFile; fileRef = FA64BD9823B1C3BA00A45603 /* SceneDelegate.swift */; };
		FA64BD9B23B1C3BA00A45603 /* ViewController.swift in Sources */ = {isa = PBXBuildFile; fileRef = FA64BD9A23B1C3BA00A45603 /* ViewController.swift */; };
		FA64BD9E23B1C3BA00A45603 /* Main.storyboard in Resources */ = {isa = PBXBuildFile; fileRef = FA64BD9C23B1C3BA00A45603 /* Main.storyboard */; };
		FA64BDA023B1C3BC00A45603 /* Assets.xcassets in Resources */ = {isa = PBXBuildFile; fileRef = FA64BD9F23B1C3BC00A45603 /* Assets.xcassets */; };
		FA64BDA323B1C3BC00A45603 /* LaunchScreen.storyboard in Resources */ = {isa = PBXBuildFile; fileRef = FA64BDA123B1C3BC00A45603 /* LaunchScreen.storyboard */; };
/* End PBXBuildFile section */

/* Begin PBXFileReference section */
		FA64BD9323B1C3BA00A45603 /* DynamicType.app */ = {isa = PBXFileReference; explicitFileType = wrapper.application; includeInIndex = 0; path = DynamicType.app; sourceTree = BUILT_PRODUCTS_DIR; };
		FA64BD9623B1C3BA00A45603 /* AppDelegate.swift */ = {isa = PBXFileReference; lastKnownFileType = sourcecode.swift; path = AppDelegate.swift; sourceTree = "<group>"; };
		FA64BD9823B1C3BA00A45603 /* SceneDelegate.swift */ = {isa = PBXFileReference; lastKnownFileType = sourcecode.swift; path = SceneDelegate.swift; sourceTree = "<group>"; };
		FA64BD9A23B1C3BA00A45603 /* ViewController.swift */ = {isa = PBXFileReference; lastKnownFileType = sourcecode.swift; path = ViewController.swift; sourceTree = "<group>"; };
		FA64BD9D23B1C3BA00A45603 /* Base */ = {isa = PBXFileReference; lastKnownFileType = file.storyboard; name = Base; path = Base.lproj/Main.storyboard; sourceTree = "<group>"; };
		FA64BD9F23B1C3BC00A45603 /* Assets.xcassets */ = {isa = PBXFileReference; lastKnownFileType = folder.assetcatalog; path = Assets.xcassets; sourceTree = "<group>"; };
		FA64BDA223B1C3BC00A45603 /* Base */ = {isa = PBXFileReference; lastKnownFileType = file.storyboard; name = Base; path = Base.lproj/LaunchScreen.storyboard; sourceTree = "<group>"; };
		FA64BDA423B1C3BC00A45603 /* Info.plist */ = {isa = PBXFileReference; lastKnownFileType = text.plist.xml; path = Info.plist; sourceTree = "<group>"; };
/* End PBXFileReference section */

/* Begin PBXFrameworksBuildPhase section */
		FA64BD9023B1C3BA00A45603 /* Frameworks */ = {
			isa = PBXFrameworksBuildPhase;
			buildActionMask = 2147483647;
			files = (
			);
			runOnlyForDeploymentPostprocessing = 0;
		};
/* End PBXFrameworksBuildPhase section */

/* Begin PBXGroup section */
		FA64BD8A23B1C3BA00A45603 = {
			isa = PBXGroup;
			children = (
				FA64BD9523B1C3BA00A45603 /* DynamicType */,
				FA64BD9423B1C3BA00A45603 /* Products */,
			);
			sourceTree = "<group>";
		};
		FA64BD9423B1C3BA00A45603 /* Products */ = {
			isa = PBXGroup;
			children = (
				FA64BD9323B1C3BA00A45603 /* DynamicType.app */,
			);
			name = Products;
			sourceTree = "<group>";
		};
		FA64BD9523B1C3BA00A45603 /* DynamicType */ = {
			isa = PBXGroup;
			children = (
				FA64BD9623B1C3BA00A45603 /* AppDelegate.swift */,
				FA64BD9823B1C3BA00A45603 /* SceneDelegate.swift */,
				FA64BD9A23B1C3BA00A45603 /* ViewController.swift */,
				FA64BD9C23B1C3BA00A45603 /* Main.storyboard */,
				FA64BD9F23B1C3BC00A45603 /* Assets.xcassets */,
				FA64BDA123B1C3BC00A45603 /* LaunchScreen.storyboard */,
				FA64BDA423B1C3BC00A45603 /* Info.plist */,
			);
			path = DynamicType;
			sourceTree = "<group>";
		};
/* End PBXGroup section */

/* Begin PBXNativeTarget section */
		FA64BD9223B1C3BA00A45603 /* DynamicType */ = {
			isa = PBXNativeTarget;
			buildConfigurationList = FA64BDA723B1C3BC00A45603 /* Build configuration list for PBXNativeTarget "DynamicType" */;
			buildPhases = (
				FA64BD8F23B1C3BA00A45603 /* Sources */,
				FA64BD9023B1C3BA00A45603 /* Frameworks */,
				FA64BD9123B1C3BA00A45603 /* Resources */,
			);
			buildRules = (
			);
			dependencies = (
			);
			name = DynamicType;
			productName = DynamicType;
			productReference = FA64BD9323B1C3BA00A45603 /* DynamicType.app */;
			productType = "com.apple.product-type.application";
		};
/* End PBXNativeTarget section */

/* Begin PBXProject section */
		FA64BD8B23B1C3BA00A45603 /* Project object */ = {
			isa = PBXProject;
			attributes = {
				LastSwiftUpdateCheck = 1130;
				LastUpgradeCheck = 1130;
				ORGANIZATIONNAME = "Tomoki Kobayashi";
				TargetAttributes = {
					FA64BD9223B1C3BA00A45603 = {
						CreatedOnToolsVersion = 11.3;
					};
				};
			};
			buildConfigurationList = FA64BD8E23B1C3BA00A45603 /* Build configuration list for PBXProject "DynamicType" */;
			compatibilityVersion = "Xcode 9.3";
			developmentRegion = en;
			hasScannedForEncodings = 0;
			knownRegions = (
				en,
				Base,
			);
			mainGroup = FA64BD8A23B1C3BA00A45603;
			productRefGroup = FA64BD9423B1C3BA00A45603 /* Products */;
			projectDirPath = "";
			projectRoot = "";
			targets = (
				FA64BD9223B1C3BA00A45603 /* DynamicType */,
			);
		};
/* End PBXProject section */

/* Begin PBXResourcesBuildPhase section */
		FA64BD9123B1C3BA00A45603 /* Resources */ = {
			isa = PBXResourcesBuildPhase;
			buildActionMask = 2147483647;
			files = (
				FA64BDA323B1C3BC00A45603 /* LaunchScreen.storyboard in Resources */,
				FA64BDA023B1C3BC00A45603 /* Assets.xcassets in Resources */,
				FA64BD9E23B1C3BA00A45603 /* Main.storyboard in Resources */,
			);
			runOnlyForDeploymentPostprocessing = 0;
		};
/* End PBXResourcesBuildPhase section */

/* Begin PBXSourcesBuildPhase section */
		FA64BD8F23B1C3BA00A45603 /* Sources */ = {
			isa = PBXSourcesBuildPhase;
			buildActionMask = 2147483647;
			files = (
				FA64BD9B23B1C3BA00A45603 /* ViewController.swift in Sources */,
				FA64BD9723B1C3BA00A45603 /* AppDelegate.swift in Sources */,
				FA64BD9923B1C3BA00A45603 /* SceneDelegate.swift in Sources */,
			);
			runOnlyForDeploymentPostprocessing = 0;
		};
/* End PBXSourcesBuildPhase section */

/* Begin PBXVariantGroup section */
		FA64BD9C23B1C3BA00A45603 /* Main.storyboard */ = {
			isa = PBXVariantGroup;
			children = (
				FA64BD9D23B1C3BA00A45603 /* Base */,
			);
			name = Main.storyboard;
			sourceTree = "<group>";
		};
		FA64BDA123B1C3BC00A45603 /* LaunchScreen.storyboard */ = {
			isa = PBXVariantGroup;
			children = (
				FA64BDA223B1C3BC00A45603 /* Base */,
			);
			name = LaunchScreen.storyboard;
			sourceTree = "<group>";
		};
/* End PBXVariantGroup section */

/* Begin XCBuildConfiguration section */
		FA64BDA523B1C3BC00A45603 /* Debug */ = {
			isa = XCBuildConfiguration;
			buildSettings = {
				ALWAYS_SEARCH_USER_PATHS = NO;
				CLANG_ANALYZER_NONNULL = YES;
				CLANG_ANALYZER_NUMBER_OBJECT_CONVERSION = YES_AGGRESSIVE;
				CLANG_CXX_LANGUAGE_STANDARD = "gnu++14";
				CLANG_CXX_LIBRARY = "libc++";
				CLANG_ENABLE_MODULES = YES;
				CLANG_ENABLE_OBJC_ARC = YES;
				CLANG_ENABLE_OBJC_WEAK = YES;
				CLANG_WARN_BLOCK_CAPTURE_AUTORELEASING = YES;
				CLANG_WARN_BOOL_CONVERSION = YES;
				CLANG_WARN_COMMA = YES;
				CLANG_WARN_CONSTANT_CONVERSION = YES;
				CLANG_WARN_DEPRECATED_OBJC_IMPLEMENTATIONS = YES;
				CLANG_WARN_DIRECT_OBJC_ISA_USAGE = YES_ERROR;
				CLANG_WARN_DOCUMENTATION_COMMENTS = YES;
				CLANG_WARN_EMPTY_BODY = YES;
				CLANG_WARN_ENUM_CONVERSION = YES;
				CLANG_WARN_INFINITE_RECURSION = YES;
				CLANG_WARN_INT_CONVERSION = YES;
				CLANG_WARN_NON_LITERAL_NULL_CONVERSION = YES;
				CLANG_WARN_OBJC_IMPLICIT_RETAIN_SELF = YES;
				CLANG_WARN_OBJC_LITERAL_CONVERSION = YES;
				CLANG_WARN_OBJC_ROOT_CLASS = YES_ERROR;
				CLANG_WARN_RANGE_LOOP_ANALYSIS = YES;
				CLANG_WARN_STRICT_PROTOTYPES = YES;
				CLANG_WARN_SUSPICIOUS_MOVE = YES;
				CLANG_WARN_UNGUARDED_AVAILABILITY = YES_AGGRESSIVE;
				CLANG_WARN_UNREACHABLE_CODE = YES;
				CLANG_WARN__DUPLICATE_METHOD_MATCH = YES;
				COPY_PHASE_STRIP = NO;
				DEBUG_INFORMATION_FORMAT = dwarf;
				ENABLE_STRICT_OBJC_MSGSEND = YES;
				ENABLE_TESTABILITY = YES;
				GCC_C_LANGUAGE_STANDARD = gnu11;
				GCC_DYNAMIC_NO_PIC = NO;
				GCC_NO_COMMON_BLOCKS = YES;
				GCC_OPTIMIZATION_LEVEL = 0;
				GCC_PREPROCESSOR_DEFINITIONS = (
					"DEBUG=1",
					"$(inherited)",
				);
				GCC_WARN_64_TO_32_BIT_CONVERSION = YES;
				GCC_WARN_ABOUT_RETURN_TYPE = YES_ERROR;
				GCC_WARN_UNDECLARED_SELECTOR = YES;
				GCC_WARN_UNINITIALIZED_AUTOS = YES_AGGRESSIVE;
				GCC_WARN_UNUSED_FUNCTION = YES;
				GCC_WARN_UNUSED_VARIABLE = YES;
				IPHONEOS_DEPLOYMENT_TARGET = 13.2;
				MTL_ENABLE_DEBUG_INFO = INCLUDE_SOURCE;
				MTL_FAST_MATH = YES;
				ONLY_ACTIVE_ARCH = YES;
				SDKROOT = iphoneos;
				SWIFT_ACTIVE_COMPILATION_CONDITIONS = DEBUG;
				SWIFT_OPTIMIZATION_LEVEL = "-Onone";
			};
			name = Debug;
		};
		FA64BDA623B1C3BC00A45603 /* Release */ = {
			isa = XCBuildConfiguration;
			buildSettings = {
				ALWAYS_SEARCH_USER_PATHS = NO;
				CLANG_ANALYZER_NONNULL = YES;
				CLANG_ANALYZER_NUMBER_OBJECT_CONVERSION = YES_AGGRESSIVE;
				CLANG_CXX_LANGUAGE_STANDARD = "gnu++14";
				CLANG_CXX_LIBRARY = "libc++";
				CLANG_ENABLE_MODULES = YES;
				CLANG_ENABLE_OBJC_ARC = YES;
				CLANG_ENABLE_OBJC_WEAK = YES;
				CLANG_WARN_BLOCK_CAPTURE_AUTORELEASING = YES;
				CLANG_WARN_BOOL_CONVERSION = YES;
				CLANG_WARN_COMMA = YES;
				CLANG_WARN_CONSTANT_CONVERSION = YES;
				CLANG_WARN_DEPRECATED_OBJC_IMPLEMENTATIONS = YES;
				CLANG_WARN_DIRECT_OBJC_ISA_USAGE = YES_ERROR;
				CLANG_WARN_DOCUMENTATION_COMMENTS = YES;
				CLANG_WARN_EMPTY_BODY = YES;
				CLANG_WARN_ENUM_CONVERSION = YES;
				CLANG_WARN_INFINITE_RECURSION = YES;
				CLANG_WARN_INT_CONVERSION = YES;
				CLANG_WARN_NON_LITERAL_NULL_CONVERSION = YES;
				CLANG_WARN_OBJC_IMPLICIT_RETAIN_SELF = YES;
				CLANG_WARN_OBJC_LITERAL_CONVERSION = YES;
				CLANG_WARN_OBJC_ROOT_CLASS = YES_ERROR;
				CLANG_WARN_RANGE_LOOP_ANALYSIS = YES;
				CLANG_WARN_STRICT_PROTOTYPES = YES;
				CLANG_WARN_SUSPICIOUS_MOVE = YES;
				CLANG_WARN_UNGUARDED_AVAILABILITY = YES_AGGRESSIVE;
				CLANG_WARN_UNREACHABLE_CODE = YES;
				CLANG_WARN__DUPLICATE_METHOD_MATCH = YES;
				COPY_PHASE_STRIP = NO;
				DEBUG_INFORMATION_FORMAT = "dwarf-with-dsym";
				ENABLE_NS_ASSERTIONS = NO;
				ENABLE_STRICT_OBJC_MSGSEND = YES;
				GCC_C_LANGUAGE_STANDARD = gnu11;
				GCC_NO_COMMON_BLOCKS = YES;
				GCC_WARN_64_TO_32_BIT_CONVERSION = YES;
				GCC_WARN_ABOUT_RETURN_TYPE = YES_ERROR;
				GCC_WARN_UNDECLARED_SELECTOR = YES;
				GCC_WARN_UNINITIALIZED_AUTOS = YES_AGGRESSIVE;
				GCC_WARN_UNUSED_FUNCTION = YES;
				GCC_WARN_UNUSED_VARIABLE = YES;
				IPHONEOS_DEPLOYMENT_TARGET = 13.2;
				MTL_ENABLE_DEBUG_INFO = NO;
				MTL_FAST_MATH = YES;
				SDKROOT = iphoneos;
				SWIFT_COMPILATION_MODE = wholemodule;
				SWIFT_OPTIMIZATION_LEVEL = "-O";
				VALIDATE_PRODUCT = YES;
			};
			name = Release;
		};
		FA64BDA823B1C3BC00A45603 /* Debug */ = {
			isa = XCBuildConfiguration;
			buildSettings = {
				ASSETCATALOG_COMPILER_APPICON_NAME = AppIcon;
				CODE_SIGN_STYLE = Automatic;
				DEVELOPMENT_TEAM = U9KLKYC4QN;
				INFOPLIST_FILE = DynamicType/Info.plist;
				LD_RUNPATH_SEARCH_PATHS = (
					"$(inherited)",
					"@executable_path/Frameworks",
				);
				PRODUCT_BUNDLE_IDENTIFIER = io.github.temoki.DynamicType;
				PRODUCT_NAME = "$(TARGET_NAME)";
				SWIFT_VERSION = 5.0;
				TARGETED_DEVICE_FAMILY = "1,2";
			};
			name = Debug;
		};
		FA64BDA923B1C3BC00A45603 /* Release */ = {
			isa = XCBuildConfiguration;
			buildSettings = {
				ASSETCATALOG_COMPILER_APPICON_NAME = AppIcon;
				CODE_SIGN_STYLE = Automatic;
				DEVELOPMENT_TEAM = U9KLKYC4QN;
				INFOPLIST_FILE = DynamicType/Info.plist;
				LD_RUNPATH_SEARCH_PATHS = (
					"$(inherited)",
					"@executable_path/Frameworks",
				);
				PRODUCT_BUNDLE_IDENTIFIER = io.github.temoki.DynamicType;
				PRODUCT_NAME = "$(TARGET_NAME)";
				SWIFT_VERSION = 5.0;
				TARGETED_DEVICE_FAMILY = "1,2";
			};
			name = Release;
		};
/* End XCBuildConfiguration section */

/* Begin XCConfigurationList section */
		FA64BD8E23B1C3BA00A45603 /* Build configuration list for PBXProject "DynamicType" */ = {
			isa = XCConfigurationList;
			buildConfigurations = (
				FA64BDA523B1C3BC00A45603 /* Debug */,
				FA64BDA623B1C3BC00A45603 /* Release */,
			);
			defaultConfigurationIsVisible = 0;
			defaultConfigurationName = Release;
		};
		FA64BDA723B1C3BC00A45603 /* Build configuration list for PBXNativeTarget "DynamicType" */ = {
			isa = XCConfigurationList;
			buildConfigurations = (
				FA64BDA823B1C3BC00A45603 /* Debug */,
				FA64BDA923B1C3BC00A45603 /* Release */,
			);
			defaultConfigurationIsVisible = 0;
			defaultConfigurationName = Release;
		};
/* End XCConfigurationList section */
	};
	rootObject = FA64BD8B23B1C3BA00A45603 /* Project object */;
}
